
Microsoft Visual Studio Solution File, Format Version 12.00
# Visual Studio Version 17
VisualStudioVersion = 17.5.002.0
MinimumVisualStudioVersion = 10.0.40219.1
Project("{9A19103F-16F7-4668-BE54-9A1E7A4F7556}") = "BlazorApp1.Client", "01-simple\BlazorApp1.Client.csproj", "{2058A509-05E8-4DCE-8F12-31327FD046B7}"
EndProject
Global
	GlobalSection(SolutionConfigurationPlatforms) = preSolution
		Debug|Any CPU = Debug|Any CPU
		Release|Any CPU = Release|Any CPU
	EndGlobalSection
	GlobalSection(ProjectConfigurationPlatforms) = postSolution
		{2058A509-05E8-4DCE-8F12-31327FD046B7}.Debug|Any CPU.ActiveCfg = Debug|Any CPU
		{2058A509-05E8-4DCE-8F12-31327FD046B7}.Debug|Any CPU.Build.0 = Debug|Any CPU
		{2058A509-05E8-4DCE-8F12-31327FD046B7}.Release|Any CPU.ActiveCfg = Release|Any CPU
		{2058A509-05E8-4DCE-8F12-31327FD046B7}.Release|Any CPU.Build.0 = Release|Any CPU
	EndGlobalSection
	GlobalSection(SolutionProperties) = preSolution
		HideSolutionNode = FALSE
	EndGlobalSection
	GlobalSection(ExtensibilityGlobals) = postSolution
		SolutionGuid = {CC3A521F-B6C4-460D-924C-733665F86FC1}
	EndGlobalSection
EndGlobal
